
Microsoft Visual Studio Solution File, Format Version 12.00
# Visual Studio Version 17
VisualStudioVersion = 17.11.35222.181
MinimumVisualStudioVersion = 10.0.40219.1
Project("{FAE04EC0-301F-11D3-BF4B-00C04F79EFBC}") = "Average", "Average.csproj", "{20EEE782-485D-4250-931B-C5AA1F901948}"
EndProject
Global
	GlobalSection(SolutionConfigurationPlatforms) = preSolution
		Debug|Any CPU = Debug|Any CPU
		Release|Any CPU = Release|Any CPU
	EndGlobalSection
	GlobalSection(ProjectConfigurationPlatforms) = postSolution
		{20EEE782-485D-4250-931B-C5AA1F901948}.Debug|Any CPU.ActiveCfg = Debug|Any CPU
		{20EEE782-485D-4250-931B-C5AA1F901948}.Debug|Any CPU.Build.0 = Debug|Any CPU
		{20EEE782-485D-4250-931B-C5AA1F901948}.Release|Any CPU.ActiveCfg = Release|Any CPU
		{20EEE782-485D-4250-931B-C5AA1F901948}.Release|Any CPU.Build.0 = Release|Any CPU
	EndGlobalSection
	GlobalSection(SolutionProperties) = preSolution
		HideSolutionNode = FALSE
	EndGlobalSection
	GlobalSection(ExtensibilityGlobals) = postSolution
		SolutionGuid = {CE0DF519-3277-43E2-B4F9-5A0363550DA0}
	EndGlobalSection
EndGlobal
