
Microsoft Visual Studio Solution File, Format Version 12.00
# Visual Studio Version 17
VisualStudioVersion = 17.11.35312.102
MinimumVisualStudioVersion = 10.0.40219.1
Project("{FAE04EC0-301F-11D3-BF4B-00C04F79EFBC}") = "BallRacer", "BallRacer.csproj", "{333503EE-3A3C-4BC0-A269-935ED5AF5C8F}"
EndProject
Global
	GlobalSection(SolutionConfigurationPlatforms) = preSolution
		Debug|Any CPU = Debug|Any CPU
		Release|Any CPU = Release|Any CPU
	EndGlobalSection
	GlobalSection(ProjectConfigurationPlatforms) = postSolution
		{333503EE-3A3C-4BC0-A269-935ED5AF5C8F}.Debug|Any CPU.ActiveCfg = Debug|Any CPU
		{333503EE-3A3C-4BC0-A269-935ED5AF5C8F}.Debug|Any CPU.Build.0 = Debug|Any CPU
		{333503EE-3A3C-4BC0-A269-935ED5AF5C8F}.Release|Any CPU.ActiveCfg = Release|Any CPU
		{333503EE-3A3C-4BC0-A269-935ED5AF5C8F}.Release|Any CPU.Build.0 = Release|Any CPU
	EndGlobalSection
	GlobalSection(SolutionProperties) = preSolution
		HideSolutionNode = FALSE
	EndGlobalSection
	GlobalSection(ExtensibilityGlobals) = postSolution
		SolutionGuid = {411FDF28-6EEF-46F3-B8B5-7030AC2A9FC2}
	EndGlobalSection
EndGlobal
