
Microsoft Visual Studio Solution File, Format Version 12.00
# Visual Studio Version 17
VisualStudioVersion = 17.11.35312.102
MinimumVisualStudioVersion = 10.0.40219.1
Project("{FAE04EC0-301F-11D3-BF4B-00C04F79EFBC}") = "mP7", "mP7.csproj", "{7656E372-8231-495D-ABC1-A74D8E4C4127}"
EndProject
Global
	GlobalSection(SolutionConfigurationPlatforms) = preSolution
		Debug|Any CPU = Debug|Any CPU
		Release|Any CPU = Release|Any CPU
	EndGlobalSection
	GlobalSection(ProjectConfigurationPlatforms) = postSolution
		{7656E372-8231-495D-ABC1-A74D8E4C4127}.Debug|Any CPU.ActiveCfg = Debug|Any CPU
		{7656E372-8231-495D-ABC1-A74D8E4C4127}.Debug|Any CPU.Build.0 = Debug|Any CPU
		{7656E372-8231-495D-ABC1-A74D8E4C4127}.Release|Any CPU.ActiveCfg = Release|Any CPU
		{7656E372-8231-495D-ABC1-A74D8E4C4127}.Release|Any CPU.Build.0 = Release|Any CPU
	EndGlobalSection
	GlobalSection(SolutionProperties) = preSolution
		HideSolutionNode = FALSE
	EndGlobalSection
	GlobalSection(ExtensibilityGlobals) = postSolution
		SolutionGuid = {BA4D6FAE-6933-48E8-BE88-AF00D6A8B7CF}
	EndGlobalSection
EndGlobal
