
Microsoft Visual Studio Solution File, Format Version 12.00
# Visual Studio 15
VisualStudioVersion = 15.0.35213.121
MinimumVisualStudioVersion = 10.0.40219.1
Project("{FAE04EC0-301F-11D3-BF4B-00C04F79EFBC}") = "ConvertPractice", "ConvertPractice\ConvertPractice.csproj", "{1042FFBA-DFDD-48C8-9449-EB2F3339FE9A}"
EndProject
Global
	GlobalSection(SolutionConfigurationPlatforms) = preSolution
		Debug|Any CPU = Debug|Any CPU
		Release|Any CPU = Release|Any CPU
	EndGlobalSection
	GlobalSection(ProjectConfigurationPlatforms) = postSolution
		{1042FFBA-DFDD-48C8-9449-EB2F3339FE9A}.Debug|Any CPU.ActiveCfg = Debug|Any CPU
		{1042FFBA-DFDD-48C8-9449-EB2F3339FE9A}.Debug|Any CPU.Build.0 = Debug|Any CPU
		{1042FFBA-DFDD-48C8-9449-EB2F3339FE9A}.Release|Any CPU.ActiveCfg = Release|Any CPU
		{1042FFBA-DFDD-48C8-9449-EB2F3339FE9A}.Release|Any CPU.Build.0 = Release|Any CPU
	EndGlobalSection
	GlobalSection(SolutionProperties) = preSolution
		HideSolutionNode = FALSE
	EndGlobalSection
	GlobalSection(ExtensibilityGlobals) = postSolution
		SolutionGuid = {B84794B4-58AB-48D9-BE7F-61F8DFF0DC69}
	EndGlobalSection
EndGlobal
