
Microsoft Visual Studio Solution File, Format Version 12.00
# Visual Studio Version 17
VisualStudioVersion = 17.11.35312.102
MinimumVisualStudioVersion = 10.0.40219.1
Project("{FAE04EC0-301F-11D3-BF4B-00C04F79EFBC}") = "MonoOutputPractice", "MonoOutputPractice\MonoOutputPractice.csproj", "{54F9911D-519C-4676-8D10-18C6FF74EB27}"
EndProject
Global
	GlobalSection(SolutionConfigurationPlatforms) = preSolution
		Debug|Any CPU = Debug|Any CPU
		Release|Any CPU = Release|Any CPU
	EndGlobalSection
	GlobalSection(ProjectConfigurationPlatforms) = postSolution
		{54F9911D-519C-4676-8D10-18C6FF74EB27}.Debug|Any CPU.ActiveCfg = Debug|Any CPU
		{54F9911D-519C-4676-8D10-18C6FF74EB27}.Debug|Any CPU.Build.0 = Debug|Any CPU
		{54F9911D-519C-4676-8D10-18C6FF74EB27}.Release|Any CPU.ActiveCfg = Release|Any CPU
		{54F9911D-519C-4676-8D10-18C6FF74EB27}.Release|Any CPU.Build.0 = Release|Any CPU
	EndGlobalSection
	GlobalSection(SolutionProperties) = preSolution
		HideSolutionNode = FALSE
	EndGlobalSection
	GlobalSection(ExtensibilityGlobals) = postSolution
		SolutionGuid = {F780CE50-50CB-4FC6-8713-09E17DDCA131}
	EndGlobalSection
EndGlobal
